---
lockfileVersion: '9.0'

importers:

  .:
    configDependencies: {}
    packageManagerDependencies:
      pnpm:
        specifier: 12.5.1
        version: 12.5.1

packages:

  '@pnpm/exe.android-arm64@12.5.1':
    resolution: {integrity: sha512-6LGBmQuDzUmgpHSuy+haG0jrmkwFNa4EuShDZqK3cIBv4Wfb75CzjJmowkzr+iJg40vnBKMQ62t4Ko6mwsId7A==}
    cpu: [arm64]
    os: [android]

  '@pnpm/exe.android-x64@12.5.1':
    resolution: {integrity: sha512-091oCltP3Rx89yxL1Wh5rXkUXEyFzyxIzSHKRFDyDFlQkb8Ox8FaDcm+M8PNkMyqnLA+qeGOLzY7Rjj9izl1Ww==}
    cpu: [x64]
    os: [android]

  '@pnpm/exe.darwin-arm64@12.5.1':
    resolution: {integrity: sha512-r1vEMQPVjRexZMyL2HonxJoo3+nuB/+G+tg+f2PK6faRdXX1TDwevKXOxJAfqlPInTy6W/pm912+s+m0NcR4BQ==}
    cpu: [arm64]
    os: [darwin]

  '@pnpm/exe.darwin-x64@12.5.1':
    resolution: {integrity: sha512-YHwI1g2B+Y2cAEylOR31r781GWijdJL7Gy7TEn/ZpZ5v/Cuwp5/Pz0EFCgo0M2MKLafAbL/laUMGvOpAdnerAw==}
    cpu: [x64]
    os: [darwin]

  '@pnpm/exe.freebsd-x64@12.5.1':
    resolution: {integrity: sha512-sFUMHiYFs6q5syFwgaVppzhQSmqnXoJIz/YwTXIOXTDE76ndIpTRpDGAnBCBKjsaEBnqjJA/2l6hpJcNDNoMiA==}
    cpu: [x64]
    os: [freebsd]

  '@pnpm/exe.linux-arm64-musl@12.5.1':
    resolution: {integrity: sha512-zupuxYZBuBEGjUz805/4/Asq01UNziFADANt8yp+LdUjU9bbMa3xY78Bx1PsGDqBy7aiad4sdUMK8ZxH4n4gmQ==}
    cpu: [arm64]
    os: [linux]
    libc: [musl]

  '@pnpm/exe.linux-arm64@12.5.1':
    resolution: {integrity: sha512-6hbMWW2/eQo1b5wvQPe/ndLHVTH88Rav6N+ffD4/h6IuFMjWCgasFYYsFv0GrvpqREAx3SwmZSvli+0NFXqbxA==}
    cpu: [arm64]
    os: [linux]
    libc: [glibc]

  '@pnpm/exe.linux-ppc64@12.5.1':
    resolution: {integrity: sha512-Gg3maDzaE/ZFMV9HIx/BwMN0Y6QbEs13URfxmiYHtKjjLAs5wEQZRMUP87YNLYO7cNaEfbM8GRbS9vPosyD9Gw==}
    cpu: [ppc64]
    os: [linux]
    libc: [glibc]

  '@pnpm/exe.linux-riscv64@12.5.1':
    resolution: {integrity: sha512-6fgWxXYMBMsWQ8DAiRevscX4QZQjwh+FsyCj8ZOk8pMXvqeq84MqBLCmS6KckvnbdqJ+HlSVQ7fs/kd0ldwfhA==}
    cpu: [riscv64]
    os: [linux]
    libc: [glibc]

  '@pnpm/exe.linux-s390x@12.5.1':
    resolution: {integrity: sha512-nzMZruRvxDhEfYUhzu+7EmM39+82Dgagc/6hPFPqGqzXNGcIG0anuxbUxfeNtI64SHt91KuuYUmCB/inlM+Pag==}
    cpu: [s390x]
    os: [linux]
    libc: [glibc]

  '@pnpm/exe.linux-x64-musl@12.5.1':
    resolution: {integrity: sha512-kHCbegdTNHpzmPtUD4S5fqkVkqgdQR47spF9p2VPP3dIIkZl6Ytk8w0vhlAsAGgge8FmucfwX+vvPKgm0NtOCQ==}
    cpu: [x64]
    os: [linux]
    libc: [musl]

  '@pnpm/exe.linux-x64@12.5.1':
    resolution: {integrity: sha512-3PkUBYo5z4dgtlnTNIFj7QGpcDUAuqXz9WGVigPDCeccEnhGiRkWmA5102TmYJHtwJP3LfmE+ZF9PGeWhn8p9Q==}
    cpu: [x64]
    os: [linux]
    libc: [glibc]

  '@pnpm/exe.win32-arm64@12.5.1':
    resolution: {integrity: sha512-49NvjZIXHly56/PLoEDD7VphbO4N8dwMXoApElDFCpVGDNGeKlwlib1tXtnpTF6i2/XIsAj7GgatHB5KHXgBnA==}
    cpu: [arm64]
    os: [win32]

  '@pnpm/exe.win32-x64@12.5.1':
    resolution: {integrity: sha512-ePUmQFPAPJFNMwg1lelDx2PdjHqYRiF0yfg5e6qeDbPNOu97QNo557Ru/SxmCrmt8ydQWNuZXWpdEp019md5vw==}
    cpu: [x64]
    os: [win32]

  pnpm@12.5.1:
    resolution: {integrity: sha512-4/MFvHhKK8ifWtO2E4iJRw+ujSr182thIW7JHCw9ZAiXdfneOKrDMQROpA8kXLDVZmOS399lgk4ZB+9qLGLeXw==}
    engines: {node: '>=18.*'}
    hasBin: true

snapshots:

  '@pnpm/exe.android-arm64@12.5.1':
    optional: true

  '@pnpm/exe.android-x64@12.5.1':
    optional: true

  '@pnpm/exe.darwin-arm64@12.5.1':
    optional: true

  '@pnpm/exe.darwin-x64@12.5.1':
    optional: true

  '@pnpm/exe.freebsd-x64@12.5.1':
    optional: true

  '@pnpm/exe.linux-arm64-musl@12.5.1':
    optional: true

  '@pnpm/exe.linux-arm64@12.5.1':
    optional: true

  '@pnpm/exe.linux-ppc64@12.5.1':
    optional: true

  '@pnpm/exe.linux-riscv64@12.5.1':
    optional: true

  '@pnpm/exe.linux-s390x@12.5.1':
    optional: true

  '@pnpm/exe.linux-x64-musl@12.5.1':
    optional: true

  '@pnpm/exe.linux-x64@12.5.1':
    optional: true

  '@pnpm/exe.win32-arm64@12.5.1':
    optional: true

  '@pnpm/exe.win32-x64@12.5.1':
    optional: true

  pnpm@12.5.1:
    optionalDependencies:
      '@pnpm/exe.android-arm64': 12.5.1
      '@pnpm/exe.android-x64': 12.5.1
      '@pnpm/exe.darwin-arm64': 12.5.1
      '@pnpm/exe.darwin-x64': 12.5.1
      '@pnpm/exe.freebsd-x64': 12.5.1
      '@pnpm/exe.linux-arm64': 12.5.1
      '@pnpm/exe.linux-arm64-musl': 12.5.1
      '@pnpm/exe.linux-ppc64': 12.5.1
      '@pnpm/exe.linux-riscv64': 12.5.1
      '@pnpm/exe.linux-s390x': 12.5.1
      '@pnpm/exe.linux-x64': 12.5.1
      '@pnpm/exe.linux-x64-musl': 12.5.1
      '@pnpm/exe.win32-arm64': 12.5.1
      '@pnpm/exe.win32-x64': 12.5.1

---
lockfileVersion: '9.0'

settings:
  autoInstallPeers: true
  excludeLinksFromLockfile: false

overrides:
  postcss: 8.5.28

importers:

  .:
    devDependencies:
      typescript:
        specifier: 5.6.3
        version: 5.6.3

  apps/cli:
    dependencies:
      '@stratifypro/draft':
        specifier: workspace:*
        version: link:../../packages/draft
      '@stratifypro/engine':
        specifier: workspace:*
        version: link:../../packages/engine
      '@stratifypro/ledger':
        specifier: workspace:*
        version: link:../../packages/ledger
      '@stratifypro/mirror':
        specifier: workspace:*
        version: link:../../packages/mirror
      '@stratifypro/report':
        specifier: workspace:*
        version: link:../../packages/report
      '@stratifypro/resolve':
        specifier: workspace:*
        version: link:../../packages/resolve
      '@stratifypro/vulnmatch':
        specifier: workspace:*
        version: link:../../packages/vulnmatch
    devDependencies:
      '@types/node':
        specifier: 22.9.0
        version: 22.9.0

  apps/sync:
    dependencies:
      '@stratifypro/eos':
        specifier: workspace:*
        version: link:../../packages/eos
      '@stratifypro/mirror':
        specifier: workspace:*
        version: link:../../packages/mirror
      '@stratifypro/zip':
        specifier: workspace:*
        version: link:../../packages/zip
    devDependencies:
      '@types/node':
        specifier: 22.9.0
        version: 22.9.0

  apps/web:
    dependencies:
      '@stratifypro/engine':
        specifier: workspace:*
        version: link:../../packages/engine
      '@stratifypro/resolve':
        specifier: workspace:*
        version: link:../../packages/resolve
      '@stratifypro/rules':
        specifier: workspace:*
        version: link:../../packages/rules
      next:
        specifier: 15.5.25
        version: 15.5.25(@types/node@22.9.0)(react-dom@18.3.1(react@18.3.1))(react@18.3.1)
      react:
        specifier: 18.3.1
        version: 18.3.1
      react-dom:
        specifier: 18.3.1
        version: 18.3.1(react@18.3.1)
    devDependencies:
      '@types/node':
        specifier: 22.9.0
        version: 22.9.0
      '@types/react':
        specifier: 18.3.12
        version: 18.3.12
      '@types/react-dom':
        specifier: 18.3.1
        version: 18.3.1
      typescript:
        specifier: 5.6.3
        version: 5.6.3

  packages/db:
    devDependencies:
      '@electric-sql/pglite':
        specifier: 0.5.8
        version: 0.5.8
      '@types/node':
        specifier: 22.9.0
        version: 22.9.0

  packages/draft:
    dependencies:
      '@stratifypro/pdf':
        specifier: workspace:*
        version: link:../pdf
      '@stratifypro/zip':
        specifier: workspace:*
        version: link:../zip
    devDependencies:
      '@types/node':
        specifier: 22.9.0
        version: 22.9.0

  packages/engine:
    devDependencies:
      '@types/node':
        specifier: 22.9.0
        version: 22.9.0

  packages/eos:
    dependencies:
      '@stratifypro/engine':
        specifier: workspace:*
        version: link:../engine
    devDependencies:
      '@types/node':
        specifier: 22.9.0
        version: 22.9.0

  packages/ledger:
    dependencies:
      '@stratifypro/engine':
        specifier: workspace:*
        version: link:../engine
    devDependencies:
      '@types/node':
        specifier: 22.9.0
        version: 22.9.0

  packages/mirror:
    dependencies:
      '@stratifypro/engine':
        specifier: workspace:*
        version: link:../engine
    devDependencies:
      '@types/node':
        specifier: 22.9.0
        version: 22.9.0

  packages/pdf:
    devDependencies:
      '@types/node':
        specifier: 22.9.0
        version: 22.9.0

  packages/report:
    dependencies:
      '@stratifypro/engine':
        specifier: workspace:*
        version: link:../engine
    devDependencies:
      '@types/node':
        specifier: 22.9.0
        version: 22.9.0

  packages/resolve:
    dependencies:
      '@stratifypro/engine':
        specifier: workspace:*
        version: link:../engine
    devDependencies:
      '@types/node':
        specifier: 22.9.0
        version: 22.9.0

  packages/rules: {}

  packages/vulnmatch:
    dependencies:
      '@stratifypro/engine':
        specifier: workspace:*
        version: link:../engine
      '@stratifypro/mirror':
        specifier: workspace:*
        version: link:../mirror
    devDependencies:
      '@types/node':
        specifier: 22.9.0
        version: 22.9.0

  packages/zip:
    devDependencies:
      '@types/node':
        specifier: 22.9.0
        version: 22.9.0

packages:

  '@electric-sql/pglite@0.5.8':
    resolution: {integrity: sha512-n9tsbUOhwx2epK1V0ZG9Ar4SHWUju04dhmzZXiSBXwBoleOvIfals33NAaWgagQVAL4Rbvx/Ptsu3P+pA09f6Q==}

  '@emnapi/runtime@1.11.3':
    resolution: {integrity: sha512-Xz4Tpyki7XyrpbUK1jR1AhdAdaXyhhY4lZ3neLodmhpuWfy2PAQN5B46sAiU4liOXGLkHypn/qU+jvfWSCYYLA==}

  '@img/colour@1.1.0':
    resolution: {integrity: sha512-Td76q7j57o/tLVdgS746cYARfSyxk8iEfRxewL9h4OMzYhbW4TAcppl0mT4eyqXddh6L/jwoM75mo7ixa/pCeQ==}
    engines: {node: '>=18'}

  '@img/sharp-darwin-arm64@0.35.4':
    resolution: {integrity: sha512-Uhfl4V4lhP2nbUVF9+hyH1+luj86f1gUFeo8ALYxFoULoU+G87D43BfeMP8XHsk9boxAnCY/bf2EHwhA7MuGsA==}
    engines: {node: '>=20.9.0'}
    cpu: [arm64]
    os: [darwin]

  '@img/sharp-darwin-x64@0.35.4':
    resolution: {integrity: sha512-hWniXY3bG5qKpkKrAwPe4y+VTPmf086YQAnkxWh7uA1YrlRouWGa0M0Mxj3ZjnXFkv7/TD1bTy9lGUK26vRvWw==}
    engines: {node: '>=20.9.0'}
    cpu: [x64]
    os: [darwin]

  '@img/sharp-freebsd-wasm32@0.35.4':
    resolution: {integrity: sha512-lIsKw/BU+kjB4eZjxrYrZmwOJYi3Ajrv66iAlBmUPyKc3HpnloevB1g3wxGD9P/5BbQ1brBGl65VRRrCvQDEqA==}
    engines: {node: '>=20.9.0'}
    os: [freebsd]

  '@img/sharp-libvips-darwin-arm64@1.3.3':
    resolution: {integrity: sha512-suTBPTDGrI9WodccaDdwZItTSaBYASlBk1NSfElSHrUfzu3szG6lvIF58+WiFvnfzuK8ZBFS5zE00PxqxnRiPg==}
    cpu: [arm64]
    os: [darwin]

  '@img/sharp-libvips-darwin-x64@1.3.3':
    resolution: {integrity: sha512-FVJZ5mITMobmXIz/hPDTw0EintTW5H3WfrxwLqEqjiIihlu+hVRyGrFQ60xl0Lxn7Bt3zdpevPaQi0HEzqz9fw==}
    cpu: [x64]
    os: [darwin]

  '@img/sharp-libvips-linux-arm64@1.3.3':
    resolution: {integrity: sha512-0DaL0A6Xu6sQSQFwe4iVCrKWU2cCTItnRsYsCdxAMm9NF6twAA9BKnoqy4hqz4+azQ0JHuA26qiUKsf1XJ/v5A==}
    cpu: [arm64]
    os: [linux]
    libc: [glibc]

  '@img/sharp-libvips-linux-arm@1.3.3':
    resolution: {integrity: sha512-3rbU4vqXXc3hY/OiXdl52xZvT0F1yEngWfvqudtPJg/KkyiaQw2DRsFrNzpmLvfavbwOq3qXn36GP8obHRULQA==}
    cpu: [arm]
    os: [linux]
    libc: [glibc]

  '@img/sharp-libvips-linux-ppc64@1.3.3':
    resolution: {integrity: sha512-cdn1OvUBwsXhbC0zSzJnNzf5MZ/mTrobawDvNXBTxe8VtqKAm0sRuEY2Evzovb/w9JMk4TvRxqt1mekSuJz64w==}
    cpu: [ppc64]
    os: [linux]
    libc: [glibc]

  '@img/sharp-libvips-linux-riscv64@1.3.3':
    resolution: {integrity: sha512-HjPVx7yKz+0lqdhDlTw1tt90wamBoxhiXpvl1XZpJLiHH4RCJ5yDTqH+VlYPv2fwFs89JFw4c1IexYOcQUi4IQ==}
    cpu: [riscv64]
    os: [linux]
    libc: [glibc]

  '@img/sharp-libvips-linux-s390x@1.3.3':
    resolution: {integrity: sha512-neWLh+3yCNThxnfy3c4BbVBeGgt9aftno+XbT56iK28RgeDs3UOFWviLWlUu0bArYVYJaFDK+RRohbicUNCm8Q==}
    cpu: [s390x]
    os: [linux]
    libc: [glibc]

  '@img/sharp-libvips-linux-x64@1.3.3':
    resolution: {integrity: sha512-4vKmvAst9nrowcqquKFAyZJUDolUaIp8uRiN0mWFguJ1IplC9/pitXtlnnlU4aa/eJw3J7i67V+pwUL+wZGdsA==}
    cpu: [x64]
    os: [linux]
    libc: [glibc]

  '@img/sharp-libvips-linuxmusl-arm64@1.3.3':
    resolution: {integrity: sha512-Y9kQaLMuNoB0bPYOOdcZMaseNrFpPodIWWMrx+CZyydf2xn68j9WYc6sWWRrDwNkzCQjKYfc68L7jKjGlHMibw==}
    cpu: [arm64]
    os: [linux]
    libc: [musl]

  '@img/sharp-libvips-linuxmusl-x64@1.3.3':
    resolution: {integrity: sha512-fj8Mv0HHfD1Rr+4I68+3agJynxDWtBFgicTbSOb9Bke6pIwzGcJ+RX/yHjmiEGFMCavY/dxvem7MyNaJF+wDiw==}
    cpu: [x64]
    os: [linux]
    libc: [musl]

  '@img/sharp-linux-arm64@0.35.4':
    resolution: {integrity: sha512-De4jpEnAU8Hd5oT0j1G3uL4ZvTuipVMn7YC6vPaJhy6/7EwEae0SVAoBrUMYQbkLGDm85taVWwuPc1a44LTzCQ==}
    engines: {node: '>=20.9.0'}
    cpu: [arm64]
    os: [linux]
    libc: [glibc]

  '@img/sharp-linux-arm@0.35.4':
    resolution: {integrity: sha512-7OAS8gI0EReKGVN2HssHlM6umJgxF5VI3xN0p9FA91p/YO+ou5hiNghLdZ5BEHztwaaK5+bLKRf8x/o2L2nk9A==}
    engines: {node: '>=20.9.0'}
    cpu: [arm]
    os: [linux]
    libc: [glibc]

  '@img/sharp-linux-ppc64@0.35.4':
    resolution: {integrity: sha512-2oYZJeIl4kCcMGk4ouZVjnkCtFrpQFlNEtJ6GbxzhHQchwH0NH/qEb9ykmOl29dqwMq+JhFdZn+1ak2FKhI9fQ==}
    engines: {node: '>=20.9.0'}
    cpu: [ppc64]
    os: [linux]
    libc: [glibc]

  '@img/sharp-linux-riscv64@0.35.4':
    resolution: {integrity: sha512-cPbNChoRURAWdebDIHSenxRpgEdy7JkPydSnUxRm9VvKD7m0/xVaR/8Fzlu81pk5nHEvHH87UZUA7cTtwnbJSA==}
    engines: {node: '>=20.9.0'}
    cpu: [riscv64]
    os: [linux]
    libc: [glibc]

  '@img/sharp-linux-s390x@0.35.4':
    resolution: {integrity: sha512-RY0JFY8Fd6RonCBtHz+DvadaPkXDSI1AUn6yWL9TipqkZ1vY8w8evqdgyDFnkm4/K1ve1TvZiaePP5oSd4+WVQ==}
    engines: {node: '>=20.9.0'}
    cpu: [s390x]
    os: [linux]
    libc: [glibc]

  '@img/sharp-linux-x64@0.35.4':
    resolution: {integrity: sha512-9qvvEAuk8k89TfWUoX2htWjbAMX8p+NxCppjpcg5k6xMsjhBQPTsoIh36h9Qde4WRuGpJeYnOjdosDn/cnv+OA==}
    engines: {node: '>=20.9.0'}
    cpu: [x64]
    os: [linux]
    libc: [glibc]

  '@img/sharp-linuxmusl-arm64@0.35.4':
    resolution: {integrity: sha512-KB5jxpfWQTr0nc3xdHtWChdbifHrBGsd2SM62Eyxrl8afikm+f5qGBU75SJIZBT/S1MC8XyacdlXBMSWq6OURA==}
    engines: {node: '>=20.9.0'}
    cpu: [arm64]
    os: [linux]
    libc: [musl]

  '@img/sharp-linuxmusl-x64@0.35.4':
    resolution: {integrity: sha512-f+eZJZIQNEEd26RPSW+76chwOf1XtA2Y/O+5ocVyLliHkeih3e+jhLVBdNTd2rS3IbNXK8+ug93Vf5ZXtF5Lxg==}
    engines: {node: '>=20.9.0'}
    cpu: [x64]
    os: [linux]
    libc: [musl]

  '@img/sharp-wasm32@0.35.4':
    resolution: {integrity: sha512-zQnl4Kwp7Q6NHsENtU2T/00Zi+w3AQNwz3+UaTyVBy2FpXrzXzGjndpK61onhZjRtRpQXxCTeqw19bVyXOh7jA==}
    engines: {node: '>=20.9.0'}

  '@img/sharp-webcontainers-wasm32@0.35.4':
    resolution: {integrity: sha512-ESfNkywmCfPNyaZjxooddJQiQ+l/nTpGEOGthxiLnIHXC/CmcBixnfwUleX9mCz9ovrUUvKMap/pm8RYbzfwaA==}
    engines: {node: '>=20.9.0'}
    cpu: [wasm32]

  '@img/sharp-win32-arm64@0.35.4':
    resolution: {integrity: sha512-iNdlBX9gLVvqe2I3uIJSIKTq6wckP/DYxZtcqxm09x5Gi24DnFBmPAWZmr60ZyYMG0xlzo6goG3670ar+RXvRw==}
    engines: {node: '>=20.9.0'}
    cpu: [arm64]
    os: [win32]

  '@img/sharp-win32-ia32@0.35.4':
    resolution: {integrity: sha512-kqRsbaa5CS6KHlpxnN7WhE6vAAugXyZButpRdvDWetlv6Qv4N9WTcrWzF7tXfB9T7MsoadqdI8hmwLq6UlLvtw==}
    engines: {node: ^20.9.0}
    cpu: [ia32]
    os: [win32]

  '@img/sharp-win32-x64@0.35.4':
    resolution: {integrity: sha512-XtmnYhBcrORsJ4XJngyzr/EWP0hRZLAZRFaApdKuviyqF78+ylxh2y06ZmtULAMOnObJ3ucpN0AcwSWnMowTRg==}
    engines: {node: '>=20.9.0'}
    cpu: [x64]
    os: [win32]

  '@next/env@15.5.25':
    resolution: {integrity: sha512-42h1lLr07vl4gawALP1hsgRZjHB1xYa58JfUfHwr0f7jG/zhPakh5GHkADHXOC9ZxUvlQFOPIrp7s6qX4DezPQ==}

  '@next/swc-darwin-arm64@15.5.25':
    resolution: {integrity: sha512-w+RR0v/QuApnWEjRGm1z6gcObKwGMb5YPA7V3bzBEVSBpMFUXprer0tS27UxjUcEnqbhL7Zuzohej79B6rYmBg==}
    engines: {node: '>= 10'}
    cpu: [arm64]
    os: [darwin]

  '@next/swc-darwin-x64@15.5.25':
    resolution: {integrity: sha512-QiGGBUSakt8S1H4Lt9Ehsh6Ja87axiBnQQgysOObvCbI7iUfJnRGntF1P64S4/ijuHFnSB8KLsEddkY3nN26uw==}
    engines: {node: '>= 10'}
    cpu: [x64]
    os: [darwin]

  '@next/swc-linux-arm64-gnu@15.5.25':
    resolution: {integrity: sha512-ehLos/66zo0d/mJCU5u96a/VDcr01aaUrX0o/i16UdInxz8qPTCDSxGtjk/Lps1sIr1RJFdiX3hxc0fxJo+cPA==}
    engines: {node: '>= 10'}
    cpu: [arm64]
    os: [linux]
    libc: [glibc]

  '@next/swc-linux-arm64-musl@15.5.25':
    resolution: {integrity: sha512-ZVMrqLiJ7DiChgmbkQwFtdhAnUkSH/4p7tB29QY+giATb0Q/XGHNRSKAb/B8XGDHRUaA67NepOW5W8u3ZRJBAA==}
    engines: {node: '>= 10'}
    cpu: [arm64]
    os: [linux]
    libc: [musl]

  '@next/swc-linux-x64-gnu@15.5.25':
    resolution: {integrity: sha512-UOewtDGkTMJTiODrEdeLZ50yGb59xCZSriNpXkfPMxRRgwDkGc7i8mLWqV5076wEdb+Ca/XN7MhJyM3CupyNyQ==}
    engines: {node: '>= 10'}
    cpu: [x64]
    os: [linux]
    libc: [glibc]

  '@next/swc-linux-x64-musl@15.5.25':
    resolution: {integrity: sha512-UBHwA8AhkCZgtRfU1aJpunuAJe/6gZv6jDESQe4p5MjTb5V0YEeJBWCdNqx15Vj3x+5jmauRfeMJSjfQj9HGFQ==}
    engines: {node: '>= 10'}
    cpu: [x64]
    os: [linux]
    libc: [musl]

  '@next/swc-win32-arm64-msvc@15.5.25':
    resolution: {integrity: sha512-QcFcPRr16djk5IqK5+e8O80eZfgWzIvVBXfitIq0tQ/uc+eyfdoZ0NmKc0cnbIJyfVwREapKuG97YcxWA9gcpA==}
    engines: {node: '>= 10'}
    cpu: [arm64]
    os: [win32]

  '@next/swc-win32-x64-msvc@15.5.25':
    resolution: {integrity: sha512-zREeykps3ndWr9egJgvJKqVkkDuaw6Zrrg23cYBos0ygydFkAWYU4+PaPVwXzP1eAYQJe53ShSK45iDM529BOg==}
    engines: {node: '>= 10'}
    cpu: [x64]
    os: [win32]

  '@swc/helpers@0.5.15':
    resolution: {integrity: sha512-JQ5TuMi45Owi4/BIMAJBoSQoOJu12oOk/gADqlcUL9JEdHB8vyjUSsxqeNXnmXHjYKMi2WcYtezGEEhqUI/E2g==}

  '@types/node@22.9.0':
    resolution: {integrity: sha512-vuyHg81vvWA1Z1ELfvLko2c8f34gyA0zaic0+Rllc5lbCnbSyuvb2Oxpm6TAUAC/2xZN3QGqxBNggD1nNR2AfQ==}

  '@types/prop-types@15.7.15':
    resolution: {integrity: sha512-F6bEyamV9jKGAFBEmlQnesRPGOQqS2+Uwi0Em15xenOxHaf2hv6L8YCVn3rPdPJOiJfPiCnLIRyvwVaqMY3MIw==}

  '@types/react-dom@18.3.1':
    resolution: {integrity: sha512-qW1Mfv8taImTthu4KoXgDfLuk4bydU6Q/TkADnDWWHwi4NX4BR+LWfTp2sVmTqRrsHvyDDTelgelxJ+SsejKKQ==}

  '@types/react@18.3.12':
    resolution: {integrity: sha512-D2wOSq/d6Agt28q7rSI3jhU7G6aiuzljDGZ2hTZHIkrTLUI+AF3WMeKkEZ9nN2fkBAlcktT6vcZjDFiIhMYEQw==}

  caniuse-lite@1.0.30001810:
    resolution: {integrity: sha512-TITQPUkaz+aVk5GL6NhOdwk1aEaNTSDPsGFWrTuhKGtjTF70jL/Oht2W4c6rXUe5fu7Ie19VIahAXHIIiWWNeg==}

  client-only@0.0.1:
    resolution: {integrity: sha512-IV3Ou0jSMzZrd3pZ48nLkT9DA7Ag1pnPzaiQhpW7c3RbcqqzvzzVu+L8gfqMp/8IM2MQtSiqaCxrrcfu8I8rMA==}

  csstype@3.2.3:
    resolution: {integrity: sha512-z1HGKcYy2xA8AGQfwrn0PAy+PB7X/GSj3UVJW9qKyn43xWa+gl5nXmU4qqLMRzWVLFC8KusUX8T/0kCiOYpAIQ==}

  detect-libc@2.1.2:
    resolution: {integrity: sha512-Btj2BOOO83o3WyH59e8MgXsxEQVcarkUOpEYrubB0urwnN10yQ364rsiByU11nZlqWYZm05i/of7io4mzihBtQ==}
    engines: {node: '>=8'}

  js-tokens@4.0.0:
    resolution: {integrity: sha512-RdJUflcE3cUzKiMqQgsCu06FPu9UdIJO0beYbPhHN4k6apgJtifcoCtT9bcxOpYBtpD2kCM6Sbzg4CausW/PKQ==}

  loose-envify@1.4.0:
    resolution: {integrity: sha512-lyuxPGr/Wfhrlem2CL/UcnUc1zcqKAImBDzukY7Y5F/yQiNdko6+fRLevlw1HgMySw7f611UIY408EtxRSoK3Q==}
    hasBin: true

  nanoid@3.3.19:
    resolution: {integrity: sha512-Y2tUNy4ouw6tq5oDSKeQYGOyhkUBhNOcGV/02KC+6kd9eDGqdZd++mjMiIDilrBYvjEnCYvVtsuHCuP+okSfug==}
    engines: {node: ^10 || ^12 || ^13.7 || ^14 || >=15.0.1}
    hasBin: true

  next@15.5.25:
    resolution: {integrity: sha512-OMWNulIIqKM2ykvC2qMjIt0IoavB4UB2SCs4iXJ6z6847FvyH8jBmBWcvrF5iuhTu8Przh20Fo/aoszIdqx4PA==}
    engines: {node: ^18.18.0 || ^19.8.0 || >= 20.0.0}
    hasBin: true
    peerDependencies:
      '@opentelemetry/api': ^1.1.0
      '@playwright/test': ^1.51.1
      babel-plugin-react-compiler: '*'
      react: ^18.2.0 || 19.0.0-rc-de68d2f4-20241204 || ^19.0.0
      react-dom: ^18.2.0 || 19.0.0-rc-de68d2f4-20241204 || ^19.0.0
      sass: ^1.3.0
    peerDependenciesMeta:
      '@opentelemetry/api':
        optional: true
      '@playwright/test':
        optional: true
      babel-plugin-react-compiler:
        optional: true
      sass:
        optional: true

  picocolors@1.1.1:
    resolution: {integrity: sha512-xceH2snhtb5M9liqDsmEw56le376mTZkEX/jEb/RxNFyegNul7eNslCXP9FDj/Lcu0X8KEyMceP2ntpaHrDEVA==}

  postcss@8.5.28:
    resolution: {integrity: sha512-RRuzqDtt5Y9h3quz5hWhK+TPnsmVs6WwSU6LkJMeY4HstUEDuYTG8UJSdawMRzmzAtV+KEoG8N3Qg2qLy5vM/A==}
    engines: {node: ^10 || ^12 || >=14}

  react-dom@18.3.1:
    resolution: {integrity: sha512-5m4nQKp+rZRb09LNH59GM4BxTh9251/ylbKIbpe7TpGxfJ+9kv6BLkLBXIjjspbgbnIBNqlI23tRnTWT0snUIw==}
    peerDependencies:
      react: ^18.3.1

  react@18.3.1:
    resolution: {integrity: sha512-wS+hAgJShR0KhEvPJArfuPVN1+Hz1t0Y6n5jLrGQbkb4urgPE/0Rve+1kMB1v/oWgHgm4WIcV+i7F2pTVj+2iQ==}
    engines: {node: '>=0.10.0'}

  scheduler@0.23.2:
    resolution: {integrity: sha512-UOShsPwz7NrMUqhR6t0hWjFduvOzbtv7toDH1/hIrfRNIDBnnBWd0CwJTGvTpngVlmwGCdP9/Zl/tVrDqcuYzQ==}

  semver@7.8.5:
    resolution: {integrity: sha512-Y7/KDsb8LjooZpwaqGyulO6DQlksgCncchHGk+sZIY4SBvUocMBEFH5Ur1fI4dV+Jvl0w6cjvucaIi40puRioA==}
    engines: {node: '>=10'}
    hasBin: true

  sharp@0.35.4:
    resolution: {integrity: sha512-n++8XWcj+jCOr2IOl7h8LbKnGBDY4aPbmprMONBNFdn0ImXqpGVv5zliDs0V9HbmbCQLpbuo2ej9rAoOQTvMDA==}
    engines: {node: '>=20.9.0'}
    peerDependencies:
      '@types/node': '*'
    peerDependenciesMeta:
      '@types/node':
        optional: true

  source-map-js@1.2.1:
    resolution: {integrity: sha512-UXWMKhLOwVKb728IUtQPXxfYU+usdybtUrK/8uGE8CQMvrhOpwvzDBwj0QhSL7MQc7vIsISBG8VQ8+IDQxpfQA==}
    engines: {node: '>=0.10.0'}

  styled-jsx@5.1.6:
    resolution: {integrity: sha512-qSVyDTeMotdvQYoHWLNGwRFJHC+i+ZvdBRYosOFgC+Wg1vx4frN2/RG/NA7SYqqvKNLf39P2LSRA2pu6n0XYZA==}
    engines: {node: '>= 12.0.0'}
    peerDependencies:
      '@babel/core': '*'
      babel-plugin-macros: '*'
      react: '>= 16.8.0 || 17.x.x || ^18.0.0-0 || ^19.0.0-0'
    peerDependenciesMeta:
      '@babel/core':
        optional: true
      babel-plugin-macros:
        optional: true

  tslib@2.8.1:
    resolution: {integrity: sha512-oJFu94HQb+KVduSUQL7wnpmqnfmLsOA/nAh6b6EH0wCEoK0/mPeXU6c3wKDV83MkOuHPRHtSXKKU99IBazS/2w==}

  typescript@5.6.3:
    resolution: {integrity: sha512-hjcS1mhfuyi4WW8IWtjP7brDrG2cuDZukyrYrSauoXGNgx0S7zceP07adYkJycEr56BOUTNPzbInooiN3fn1qw==}
    engines: {node: '>=14.17'}
    hasBin: true

  undici-types@6.19.8:
    resolution: {integrity: sha512-ve2KP6f/JnbPBFyobGHuerC9g1FYGn/F8n1LWTwNxCEzd6IfqTwUQcNXgEtmmQ6DlRrC1hrSrBnCZPokRrDHjw==}

snapshots:

  '@electric-sql/pglite@0.5.8': {}

  '@emnapi/runtime@1.11.3':
    dependencies:
      tslib: 2.8.1
    optional: true

  '@img/colour@1.1.0':
    optional: true

  '@img/sharp-darwin-arm64@0.35.4':
    optionalDependencies:
      '@img/sharp-libvips-darwin-arm64': 1.3.3
    optional: true

  '@img/sharp-darwin-x64@0.35.4':
    optionalDependencies:
      '@img/sharp-libvips-darwin-x64': 1.3.3
    optional: true

  '@img/sharp-freebsd-wasm32@0.35.4':
    dependencies:
      '@img/sharp-wasm32': 0.35.4
    optional: true

  '@img/sharp-libvips-darwin-arm64@1.3.3':
    optional: true

  '@img/sharp-libvips-darwin-x64@1.3.3':
    optional: true

  '@img/sharp-libvips-linux-arm64@1.3.3':
    optional: true

  '@img/sharp-libvips-linux-arm@1.3.3':
    optional: true

  '@img/sharp-libvips-linux-ppc64@1.3.3':
    optional: true

  '@img/sharp-libvips-linux-riscv64@1.3.3':
    optional: true

  '@img/sharp-libvips-linux-s390x@1.3.3':
    optional: true

  '@img/sharp-libvips-linux-x64@1.3.3':
    optional: true

  '@img/sharp-libvips-linuxmusl-arm64@1.3.3':
    optional: true

  '@img/sharp-libvips-linuxmusl-x64@1.3.3':
    optional: true

  '@img/sharp-linux-arm64@0.35.4':
    optionalDependencies:
      '@img/sharp-libvips-linux-arm64': 1.3.3
    optional: true

  '@img/sharp-linux-arm@0.35.4':
    optionalDependencies:
      '@img/sharp-libvips-linux-arm': 1.3.3
    optional: true

  '@img/sharp-linux-ppc64@0.35.4':
    optionalDependencies:
      '@img/sharp-libvips-linux-ppc64': 1.3.3
    optional: true

  '@img/sharp-linux-riscv64@0.35.4':
    optionalDependencies:
      '@img/sharp-libvips-linux-riscv64': 1.3.3
    optional: true

  '@img/sharp-linux-s390x@0.35.4':
    optionalDependencies:
      '@img/sharp-libvips-linux-s390x': 1.3.3
    optional: true

  '@img/sharp-linux-x64@0.35.4':
    optionalDependencies:
      '@img/sharp-libvips-linux-x64': 1.3.3
    optional: true

  '@img/sharp-linuxmusl-arm64@0.35.4':
    optionalDependencies:
      '@img/sharp-libvips-linuxmusl-arm64': 1.3.3
    optional: true

  '@img/sharp-linuxmusl-x64@0.35.4':
    optionalDependencies:
      '@img/sharp-libvips-linuxmusl-x64': 1.3.3
    optional: true

  '@img/sharp-wasm32@0.35.4':
    dependencies:
      '@emnapi/runtime': 1.11.3
    optional: true

  '@img/sharp-webcontainers-wasm32@0.35.4':
    dependencies:
      '@img/sharp-wasm32': 0.35.4
    optional: true

  '@img/sharp-win32-arm64@0.35.4':
    optional: true

  '@img/sharp-win32-ia32@0.35.4':
    optional: true

  '@img/sharp-win32-x64@0.35.4':
    optional: true

  '@next/env@15.5.25': {}

  '@next/swc-darwin-arm64@15.5.25':
    optional: true

  '@next/swc-darwin-x64@15.5.25':
    optional: true

  '@next/swc-linux-arm64-gnu@15.5.25':
    optional: true

  '@next/swc-linux-arm64-musl@15.5.25':
    optional: true

  '@next/swc-linux-x64-gnu@15.5.25':
    optional: true

  '@next/swc-linux-x64-musl@15.5.25':
    optional: true

  '@next/swc-win32-arm64-msvc@15.5.25':
    optional: true

  '@next/swc-win32-x64-msvc@15.5.25':
    optional: true

  '@swc/helpers@0.5.15':
    dependencies:
      tslib: 2.8.1

  '@types/node@22.9.0':
    dependencies:
      undici-types: 6.19.8

  '@types/prop-types@15.7.15': {}

  '@types/react-dom@18.3.1':
    dependencies:
      '@types/react': 18.3.12

  '@types/react@18.3.12':
    dependencies:
      '@types/prop-types': 15.7.15
      csstype: 3.2.3

  caniuse-lite@1.0.30001810: {}

  client-only@0.0.1: {}

  csstype@3.2.3: {}

  detect-libc@2.1.2:
    optional: true

  js-tokens@4.0.0: {}

  loose-envify@1.4.0:
    dependencies:
      js-tokens: 4.0.0

  nanoid@3.3.19: {}

  next@15.5.25(@types/node@22.9.0)(react-dom@18.3.1(react@18.3.1))(react@18.3.1):
    dependencies:
      '@next/env': 15.5.25
      '@swc/helpers': 0.5.15
      caniuse-lite: 1.0.30001810
      postcss: 8.5.28
      react: 18.3.1
      react-dom: 18.3.1(react@18.3.1)
      styled-jsx: 5.1.6(react@18.3.1)
    optionalDependencies:
      '@next/swc-darwin-arm64': 15.5.25
      '@next/swc-darwin-x64': 15.5.25
      '@next/swc-linux-arm64-gnu': 15.5.25
      '@next/swc-linux-arm64-musl': 15.5.25
      '@next/swc-linux-x64-gnu': 15.5.25
      '@next/swc-linux-x64-musl': 15.5.25
      '@next/swc-win32-arm64-msvc': 15.5.25
      '@next/swc-win32-x64-msvc': 15.5.25
      sharp: 0.35.4(@types/node@22.9.0)
    transitivePeerDependencies:
      - '@babel/core'
      - '@types/node'
      - babel-plugin-macros

  picocolors@1.1.1: {}

  postcss@8.5.28:
    dependencies:
      nanoid: 3.3.19
      picocolors: 1.1.1
      source-map-js: 1.2.1

  react-dom@18.3.1(react@18.3.1):
    dependencies:
      loose-envify: 1.4.0
      react: 18.3.1
      scheduler: 0.23.2

  react@18.3.1:
    dependencies:
      loose-envify: 1.4.0

  scheduler@0.23.2:
    dependencies:
      loose-envify: 1.4.0

  semver@7.8.5:
    optional: true

  sharp@0.35.4(@types/node@22.9.0):
    dependencies:
      '@img/colour': 1.1.0
      detect-libc: 2.1.2
      semver: 7.8.5
    optionalDependencies:
      '@img/sharp-darwin-arm64': 0.35.4
      '@img/sharp-darwin-x64': 0.35.4
      '@img/sharp-freebsd-wasm32': 0.35.4
      '@img/sharp-libvips-darwin-arm64': 1.3.3
      '@img/sharp-libvips-darwin-x64': 1.3.3
      '@img/sharp-libvips-linux-arm': 1.3.3
      '@img/sharp-libvips-linux-arm64': 1.3.3
      '@img/sharp-libvips-linux-ppc64': 1.3.3
      '@img/sharp-libvips-linux-riscv64': 1.3.3
      '@img/sharp-libvips-linux-s390x': 1.3.3
      '@img/sharp-libvips-linux-x64': 1.3.3
      '@img/sharp-libvips-linuxmusl-arm64': 1.3.3
      '@img/sharp-libvips-linuxmusl-x64': 1.3.3
      '@img/sharp-linux-arm': 0.35.4
      '@img/sharp-linux-arm64': 0.35.4
      '@img/sharp-linux-ppc64': 0.35.4
      '@img/sharp-linux-riscv64': 0.35.4
      '@img/sharp-linux-s390x': 0.35.4
      '@img/sharp-linux-x64': 0.35.4
      '@img/sharp-linuxmusl-arm64': 0.35.4
      '@img/sharp-linuxmusl-x64': 0.35.4
      '@img/sharp-webcontainers-wasm32': 0.35.4
      '@img/sharp-win32-arm64': 0.35.4
      '@img/sharp-win32-ia32': 0.35.4
      '@img/sharp-win32-x64': 0.35.4
      '@types/node': 22.9.0
    optional: true

  source-map-js@1.2.1: {}

  styled-jsx@5.1.6(react@18.3.1):
    dependencies:
      client-only: 0.0.1
      react: 18.3.1

  tslib@2.8.1: {}

  typescript@5.6.3: {}

  undici-types@6.19.8: {}
